PODS:
  - Alamofire (4.5.0)
  - Bolts/Tasks (1.8.4)
  - Parse (1.14.4):
    - Bolts/Tasks (~> 1.8)

DEPENDENCIES:
  - Alamofire (~> 4.4)
  - Parse

SPEC CHECKSUMS:
  Alamofire: f28cdffd29de33a7bfa022cbd63ae95a27fae140
  Bolts: 8a7995239dbe724f9cba2248b766d48b7ebdd322
  Parse: b0aa91d2c435e53d4a9af26e741e014c9b35c42e

PODFILE CHECKSUM: 8c802dcbf28474799bb522414d97dde8bd3dcde9

COCOAPODS: 1.2.1
