// !$*UTF8*$!
{
	archiveVersion = 1;
	classes = {
	};
	objectVersion = 46;
	objects = {

/* Begin PBXBuildFile section */
		28DEF22FD52A6FD7215EA52C /* Pods_KickbackUITests.framework in Frameworks */ = {isa = PBXBuildFile; fileRef = DBFB3CF4DA90311F9A70F227 /* Pods_KickbackUITests.framework */; };
		5939AA981F1EA8860093948D /* party.gif in Resources */ = {isa = PBXBuildFile; fileRef = 5939AA971F1EA8860093948D /* party.gif */; };
		5939AA9A1F1EAF200093948D /* Gif+Swift.swift in Sources */ = {isa = PBXBuildFile; fileRef = 5939AA991F1EAF200093948D /* Gif+Swift.swift */; };
		91A831D73881A40FE2295FDE /* Pods_Kickback.framework in Frameworks */ = {isa = PBXBuildFile; fileRef = B4D0FE473E40C2487E6AF865 /* Pods_Kickback.framework */; };
		A0060A081F287304006C5C6C /* Artist.swift in Sources */ = {isa = PBXBuildFile; fileRef = A0060A071F287304006C5C6C /* Artist.swift */; };
		A0060A0A1F28749B006C5C6C /* ArtistResultCell.swift in Sources */ = {isa = PBXBuildFile; fileRef = A0060A091F28749B006C5C6C /* ArtistResultCell.swift */; };
		A031975E1F154E85001ABBC7 /* APIManager.swift in Sources */ = {isa = PBXBuildFile; fileRef = A031975D1F154E85001ABBC7 /* APIManager.swift */; };
		A0A568BA1F26BBC9005157CB /* Album.swift in Sources */ = {isa = PBXBuildFile; fileRef = A0A568B91F26BBC9005157CB /* Album.swift */; };
		A0A568C01F26C4AD005157CB /* AlbumCell.swift in Sources */ = {isa = PBXBuildFile; fileRef = A0A568BF1F26C4AD005157CB /* AlbumCell.swift */; };
		A0BEF7EF1F14276700CABCFA /* AlbumViewController.swift in Sources */ = {isa = PBXBuildFile; fileRef = A0BEF7E51F14276700CABCFA /* AlbumViewController.swift */; };
		A0BEF7F01F14276700CABCFA /* ArtistViewController.swift in Sources */ = {isa = PBXBuildFile; fileRef = A0BEF7E61F14276700CABCFA /* ArtistViewController.swift */; };
		A0BEF7F11F14276700CABCFA /* CreateHomeViewController.swift in Sources */ = {isa = PBXBuildFile; fileRef = A0BEF7E71F14276700CABCFA /* CreateHomeViewController.swift */; };
		A0BEF7F21F14276700CABCFA /* CreateViewController.swift in Sources */ = {isa = PBXBuildFile; fileRef = A0BEF7E81F14276700CABCFA /* CreateViewController.swift */; };
		A0BEF7F31F14276700CABCFA /* WelcomeViewController.swift in Sources */ = {isa = PBXBuildFile; fileRef = A0BEF7E91F14276700CABCFA /* WelcomeViewController.swift */; };
		A0BEF7F51F14276700CABCFA /* JoinViewController.swift in Sources */ = {isa = PBXBuildFile; fileRef = A0BEF7EB1F14276700CABCFA /* JoinViewController.swift */; };
		A0BEF7F61F14276700CABCFA /* LoginViewController.swift in Sources */ = {isa = PBXBuildFile; fileRef = A0BEF7EC1F14276700CABCFA /* LoginViewController.swift */; };
		A0BEF7F71F14276700CABCFA /* SearchViewController.swift in Sources */ = {isa = PBXBuildFile; fileRef = A0BEF7ED1F14276700CABCFA /* SearchViewController.swift */; };
		A0DB3C0F1F28017C008940D2 /* AlbumResultCell.swift in Sources */ = {isa = PBXBuildFile; fileRef = A0DB3C0E1F28017C008940D2 /* AlbumResultCell.swift */; };
		D5BAD4DE79AE60DC3E28ADA9 /* Pods_KickbackTests.framework in Frameworks */ = {isa = PBXBuildFile; fileRef = A07557A1AAE2BF9EB7E27728 /* Pods_KickbackTests.framework */; };
		DF0D51791F27A9110021D993 /* AddFriendsViewController.swift in Sources */ = {isa = PBXBuildFile; fileRef = DF0D51781F27A9110021D993 /* AddFriendsViewController.swift */; };
		DF0D517B1F27A9230021D993 /* ShareCell.swift in Sources */ = {isa = PBXBuildFile; fileRef = DF0D517A1F27A9230021D993 /* ShareCell.swift */; };
		DF0D517D1F27B1AE0021D993 /* QRPopupViewController.swift in Sources */ = {isa = PBXBuildFile; fileRef = DF0D517C1F27B1AE0021D993 /* QRPopupViewController.swift */; };
		DF156F961F200212005804E8 /* QuickSort.swift in Sources */ = {isa = PBXBuildFile; fileRef = DF156F951F200212005804E8 /* QuickSort.swift */; };
		DF3056F71F1E7A3900FD8AC5 /* SearchResultCell.swift in Sources */ = {isa = PBXBuildFile; fileRef = DF3056F61F1E7A3900FD8AC5 /* SearchResultCell.swift */; };
		DF48550A1F27F5DB00CFACA2 /* UserCell.swift in Sources */ = {isa = PBXBuildFile; fileRef = DF4855091F27F5DB00CFACA2 /* UserCell.swift */; };
		DF5F5CBA1F208EB300BCE070 /* TrackCell.swift in Sources */ = {isa = PBXBuildFile; fileRef = DF5F5CB91F208EB300BCE070 /* TrackCell.swift */; };
		DFA2AF0D1F326B96009990C3 /* HKGrotesk-Bold.otf in Resources */ = {isa = PBXBuildFile; fileRef = DFA2AF031F326B96009990C3 /* HKGrotesk-Bold.otf */; };
		DFA2AF0E1F326B96009990C3 /* HKGrotesk-BoldItalic.otf in Resources */ = {isa = PBXBuildFile; fileRef = DFA2AF041F326B96009990C3 /* HKGrotesk-BoldItalic.otf */; };
		DFA2AF0F1F326B96009990C3 /* HKGrotesk-Italic.otf in Resources */ = {isa = PBXBuildFile; fileRef = DFA2AF051F326B96009990C3 /* HKGrotesk-Italic.otf */; };
		DFA2AF101F326B96009990C3 /* HKGrotesk-Light.otf in Resources */ = {isa = PBXBuildFile; fileRef = DFA2AF061F326B96009990C3 /* HKGrotesk-Light.otf */; };
		DFA2AF111F326B96009990C3 /* HKGrotesk-LightItalic.otf in Resources */ = {isa = PBXBuildFile; fileRef = DFA2AF071F326B96009990C3 /* HKGrotesk-LightItalic.otf */; };
		DFA2AF121F326B96009990C3 /* HKGrotesk-Medium.otf in Resources */ = {isa = PBXBuildFile; fileRef = DFA2AF081F326B96009990C3 /* HKGrotesk-Medium.otf */; };
		DFA2AF131F326B96009990C3 /* HKGrotesk-MediumItalic.otf in Resources */ = {isa = PBXBuildFile; fileRef = DFA2AF091F326B96009990C3 /* HKGrotesk-MediumItalic.otf */; };
		DFA2AF141F326B96009990C3 /* HKGrotesk-Regular.otf in Resources */ = {isa = PBXBuildFile; fileRef = DFA2AF0A1F326B96009990C3 /* HKGrotesk-Regular.otf */; };
		DFA2AF151F326B96009990C3 /* HKGrotesk-SemiBold.otf in Resources */ = {isa = PBXBuildFile; fileRef = DFA2AF0B1F326B96009990C3 /* HKGrotesk-SemiBold.otf */; };
		DFA2AF161F326B96009990C3 /* HKGrotesk-SemiBoldItalic.otf in Resources */ = {isa = PBXBuildFile; fileRef = DFA2AF0C1F326B96009990C3 /* HKGrotesk-SemiBoldItalic.otf */; };
		DFA5AB9F1F293A39006A6A39 /* Invite.swift in Sources */ = {isa = PBXBuildFile; fileRef = DFA5AB9E1F293A39006A6A39 /* Invite.swift */; };
		DFA5ABA31F2A40E9006A6A39 /* JoinCell.swift in Sources */ = {isa = PBXBuildFile; fileRef = DFA5ABA21F2A40E9006A6A39 /* JoinCell.swift */; };
		DFA5ABA51F2A4345006A6A39 /* AccessCodeViewController.swift in Sources */ = {isa = PBXBuildFile; fileRef = DFA5ABA41F2A4345006A6A39 /* AccessCodeViewController.swift */; };
		DFA5ABA71F2A5302006A6A39 /* InviteCell.swift in Sources */ = {isa = PBXBuildFile; fileRef = DFA5ABA61F2A5302006A6A39 /* InviteCell.swift */; };
		DFB198691F14139000349AAD /* AppDelegate.swift in Sources */ = {isa = PBXBuildFile; fileRef = DFB198681F14139000349AAD /* AppDelegate.swift */; };
		DFB1986E1F14139000349AAD /* Main.storyboard in Resources */ = {isa = PBXBuildFile; fileRef = DFB1986C1F14139000349AAD /* Main.storyboard */; };
		DFB198701F14139000349AAD /* Assets.xcassets in Resources */ = {isa = PBXBuildFile; fileRef = DFB1986F1F14139000349AAD /* Assets.xcassets */; };
		DFB198731F14139000349AAD /* LaunchScreen.storyboard in Resources */ = {isa = PBXBuildFile; fileRef = DFB198711F14139000349AAD /* LaunchScreen.storyboard */; };
		DFB1987E1F14139000349AAD /* KickbackTests.swift in Sources */ = {isa = PBXBuildFile; fileRef = DFB1987D1F14139000349AAD /* KickbackTests.swift */; };
		DFB198891F14139000349AAD /* KickbackUITests.swift in Sources */ = {isa = PBXBuildFile; fileRef = DFB198881F14139000349AAD /* KickbackUITests.swift */; };
		DFB1989A1F1413D800349AAD /* SpotifyAudioPlayback.framework in Frameworks */ = {isa = PBXBuildFile; fileRef = DFB198971F1413D800349AAD /* SpotifyAudioPlayback.framework */; };
		DFB1989B1F1413D800349AAD /* SpotifyAuthentication.framework in Frameworks */ = {isa = PBXBuildFile; fileRef = DFB198981F1413D800349AAD /* SpotifyAuthentication.framework */; };
		DFB1989C1F1413D800349AAD /* SpotifyMetadata.framework in Frameworks */ = {isa = PBXBuildFile; fileRef = DFB198991F1413D800349AAD /* SpotifyMetadata.framework */; };
		DFC3C2A71F1548380080DF88 /* User.swift in Sources */ = {isa = PBXBuildFile; fileRef = DFC3C2A61F1548380080DF88 /* User.swift */; };
		DFC3C2A91F15483D0080DF88 /* Track.swift in Sources */ = {isa = PBXBuildFile; fileRef = DFC3C2A81F15483D0080DF88 /* Track.swift */; };
		DFC3C2AB1F1548430080DF88 /* Queue.swift in Sources */ = {isa = PBXBuildFile; fileRef = DFC3C2AA1F1548430080DF88 /* Queue.swift */; };
		DFF2F1661F1FD39000B38EE1 /* ShareViewController.swift in Sources */ = {isa = PBXBuildFile; fileRef = DFF2F1651F1FD39000B38EE1 /* ShareViewController.swift */; };
/* End PBXBuildFile section */

/* Begin PBXContainerItemProxy section */
		DFB1987A1F14139000349AAD /* PBXContainerItemProxy */ = {
			isa = PBXContainerItemProxy;
			containerPortal = DFB1985D1F14139000349AAD /* Project object */;
			proxyType = 1;
			remoteGlobalIDString = DFB198641F14139000349AAD;
			remoteInfo = Kickback;
		};
		DFB198851F14139000349AAD /* PBXContainerItemProxy */ = {
			isa = PBXContainerItemProxy;
			containerPortal = DFB1985D1F14139000349AAD /* Project object */;
			proxyType = 1;
			remoteGlobalIDString = DFB198641F14139000349AAD;
			remoteInfo = Kickback;
		};
/* End PBXContainerItemProxy section */

/* Begin PBXFileReference section */
		20DB8159D161B00A8E291567 /* Pods-KickbackUITests.debug.xcconfig */ = {isa = PBXFileReference; includeInIndex = 1; lastKnownFileType = text.xcconfig; name = "Pods-KickbackUITests.debug.xcconfig"; path = "Pods/Target Support Files/Pods-KickbackUITests/Pods-KickbackUITests.debug.xcconfig"; sourceTree = "<group>"; };
		258CC4F90C6ADCCC338E72B1 /* Pods-Kickback.release.xcconfig */ = {isa = PBXFileReference; includeInIndex = 1; lastKnownFileType = text.xcconfig; name = "Pods-Kickback.release.xcconfig"; path = "Pods/Target Support Files/Pods-Kickback/Pods-Kickback.release.xcconfig"; sourceTree = "<group>"; };
		5939AA971F1EA8860093948D /* party.gif */ = {isa = PBXFileReference; lastKnownFileType = image.gif; path = party.gif; sourceTree = "<group>"; };
		5939AA991F1EAF200093948D /* Gif+Swift.swift */ = {isa = PBXFileReference; fileEncoding = 4; lastKnownFileType = sourcecode.swift; path = "Gif+Swift.swift"; sourceTree = "<group>"; };
		765E0EDE286EDF9BC2202D8C /* Pods-KickbackUITests.release.xcconfig */ = {isa = PBXFileReference; includeInIndex = 1; lastKnownFileType = text.xcconfig; name = "Pods-KickbackUITests.release.xcconfig"; path = "Pods/Target Support Files/Pods-KickbackUITests/Pods-KickbackUITests.release.xcconfig"; sourceTree = "<group>"; };
		78E389D0C38848D5B67328AE /* Pods-KickbackTests.release.xcconfig */ = {isa = PBXFileReference; includeInIndex = 1; lastKnownFileType = text.xcconfig; name = "Pods-KickbackTests.release.xcconfig"; path = "Pods/Target Support Files/Pods-KickbackTests/Pods-KickbackTests.release.xcconfig"; sourceTree = "<group>"; };
		8FDF3E15AE4E0F6A52DD03BF /* Pods-KickbackTests.debug.xcconfig */ = {isa = PBXFileReference; includeInIndex = 1; lastKnownFileType = text.xcconfig; name = "Pods-KickbackTests.debug.xcconfig"; path = "Pods/Target Support Files/Pods-KickbackTests/Pods-KickbackTests.debug.xcconfig"; sourceTree = "<group>"; };
		A0060A071F287304006C5C6C /* Artist.swift */ = {isa = PBXFileReference; fileEncoding = 4; lastKnownFileType = sourcecode.swift; path = Artist.swift; sourceTree = "<group>"; };
		A0060A091F28749B006C5C6C /* ArtistResultCell.swift */ = {isa = PBXFileReference; fileEncoding = 4; lastKnownFileType = sourcecode.swift; path = ArtistResultCell.swift; sourceTree = "<group>"; };
		A031975D1F154E85001ABBC7 /* APIManager.swift */ = {isa = PBXFileReference; fileEncoding = 4; lastKnownFileType = sourcecode.swift; path = APIManager.swift; sourceTree = "<group>"; };
		A07557A1AAE2BF9EB7E27728 /* Pods_KickbackTests.framework */ = {isa = PBXFileReference; explicitFileType = wrapper.framework; includeInIndex = 0; path = Pods_KickbackTests.framework; sourceTree = BUILT_PRODUCTS_DIR; };
		A0A568B91F26BBC9005157CB /* Album.swift */ = {isa = PBXFileReference; fileEncoding = 4; lastKnownFileType = sourcecode.swift; path = Album.swift; sourceTree = "<group>"; };
		A0A568BF1F26C4AD005157CB /* AlbumCell.swift */ = {isa = PBXFileReference; fileEncoding = 4; lastKnownFileType = sourcecode.swift; path = AlbumCell.swift; sourceTree = "<group>"; };
		A0BEF7E51F14276700CABCFA /* AlbumViewController.swift */ = {isa = PBXFileReference; fileEncoding = 4; lastKnownFileType = sourcecode.swift; path = AlbumViewController.swift; sourceTree = "<group>"; };
		A0BEF7E61F14276700CABCFA /* ArtistViewController.swift */ = {isa = PBXFileReference; fileEncoding = 4; lastKnownFileType = sourcecode.swift; path = ArtistViewController.swift; sourceTree = "<group>"; };
		A0BEF7E71F14276700CABCFA /* CreateHomeViewController.swift */ = {isa = PBXFileReference; fileEncoding = 4; lastKnownFileType = sourcecode.swift; path = CreateHomeViewController.swift; sourceTree = "<group>"; };
		A0BEF7E81F14276700CABCFA /* CreateViewController.swift */ = {isa = PBXFileReference; fileEncoding = 4; lastKnownFileType = sourcecode.swift; path = CreateViewController.swift; sourceTree = "<group>"; };
		A0BEF7E91F14276700CABCFA /* WelcomeViewController.swift */ = {isa = PBXFileReference; fileEncoding = 4; lastKnownFileType = sourcecode.swift; path = WelcomeViewController.swift; sourceTree = "<group>"; };
		A0BEF7EB1F14276700CABCFA /* JoinViewController.swift */ = {isa = PBXFileReference; fileEncoding = 4; lastKnownFileType = sourcecode.swift; path = JoinViewController.swift; sourceTree = "<group>"; };
		A0BEF7EC1F14276700CABCFA /* LoginViewController.swift */ = {isa = PBXFileReference; fileEncoding = 4; lastKnownFileType = sourcecode.swift; path = LoginViewController.swift; sourceTree = "<group>"; };
		A0BEF7ED1F14276700CABCFA /* SearchViewController.swift */ = {isa = PBXFileReference; fileEncoding = 4; lastKnownFileType = sourcecode.swift; path = SearchViewController.swift; sourceTree = "<group>"; };
		A0DB3C0E1F28017C008940D2 /* AlbumResultCell.swift */ = {isa = PBXFileReference; fileEncoding = 4; lastKnownFileType = sourcecode.swift; path = AlbumResultCell.swift; sourceTree = "<group>"; };
		A9DC6BC8161D027F4ADCC162 /* Pods-Kickback.debug.xcconfig */ = {isa = PBXFileReference; includeInIndex = 1; lastKnownFileType = text.xcconfig; name = "Pods-Kickback.debug.xcconfig"; path = "Pods/Target Support Files/Pods-Kickback/Pods-Kickback.debug.xcconfig"; sourceTree = "<group>"; };
		B4D0FE473E40C2487E6AF865 /* Pods_Kickback.framework */ = {isa = PBXFileReference; explicitFileType = wrapper.framework; includeInIndex = 0; path = Pods_Kickback.framework; sourceTree = BUILT_PRODUCTS_DIR; };
		DBFB3CF4DA90311F9A70F227 /* Pods_KickbackUITests.framework */ = {isa = PBXFileReference; explicitFileType = wrapper.framework; includeInIndex = 0; path = Pods_KickbackUITests.framework; sourceTree = BUILT_PRODUCTS_DIR; };
		DF0D51781F27A9110021D993 /* AddFriendsViewController.swift */ = {isa = PBXFileReference; fileEncoding = 4; lastKnownFileType = sourcecode.swift; path = AddFriendsViewController.swift; sourceTree = "<group>"; };
		DF0D517A1F27A9230021D993 /* ShareCell.swift */ = {isa = PBXFileReference; fileEncoding = 4; lastKnownFileType = sourcecode.swift; path = ShareCell.swift; sourceTree = "<group>"; };
		DF0D517C1F27B1AE0021D993 /* QRPopupViewController.swift */ = {isa = PBXFileReference; fileEncoding = 4; lastKnownFileType = sourcecode.swift; name = QRPopupViewController.swift; path = ../QRPopupViewController.swift; sourceTree = "<group>"; };
		DF156F951F200212005804E8 /* QuickSort.swift */ = {isa = PBXFileReference; fileEncoding = 4; lastKnownFileType = sourcecode.swift; path = QuickSort.swift; sourceTree = "<group>"; };
		DF3056F61F1E7A3900FD8AC5 /* SearchResultCell.swift */ = {isa = PBXFileReference; fileEncoding = 4; lastKnownFileType = sourcecode.swift; path = SearchResultCell.swift; sourceTree = "<group>"; };
		DF4855091F27F5DB00CFACA2 /* UserCell.swift */ = {isa = PBXFileReference; fileEncoding = 4; lastKnownFileType = sourcecode.swift; path = UserCell.swift; sourceTree = "<group>"; };
		DF5F5CB91F208EB300BCE070 /* TrackCell.swift */ = {isa = PBXFileReference; fileEncoding = 4; lastKnownFileType = sourcecode.swift; path = TrackCell.swift; sourceTree = "<group>"; };
		DFA2AF031F326B96009990C3 /* HKGrotesk-Bold.otf */ = {isa = PBXFileReference; lastKnownFileType = file; path = "HKGrotesk-Bold.otf"; sourceTree = "<group>"; };
		DFA2AF041F326B96009990C3 /* HKGrotesk-BoldItalic.otf */ = {isa = PBXFileReference; lastKnownFileType = file; path = "HKGrotesk-BoldItalic.otf"; sourceTree = "<group>"; };
		DFA2AF051F326B96009990C3 /* HKGrotesk-Italic.otf */ = {isa = PBXFileReference; lastKnownFileType = file; path = "HKGrotesk-Italic.otf"; sourceTree = "<group>"; };
		DFA2AF061F326B96009990C3 /* HKGrotesk-Light.otf */ = {isa = PBXFileReference; lastKnownFileType = file; path = "HKGrotesk-Light.otf"; sourceTree = "<group>"; };
		DFA2AF071F326B96009990C3 /* HKGrotesk-LightItalic.otf */ = {isa = PBXFileReference; lastKnownFileType = file; path = "HKGrotesk-LightItalic.otf"; sourceTree = "<group>"; };
		DFA2AF081F326B96009990C3 /* HKGrotesk-Medium.otf */ = {isa = PBXFileReference; lastKnownFileType = file; path = "HKGrotesk-Medium.otf"; sourceTree = "<group>"; };
		DFA2AF091F326B96009990C3 /* HKGrotesk-MediumItalic.otf */ = {isa = PBXFileReference; lastKnownFileType = file; path = "HKGrotesk-MediumItalic.otf"; sourceTree = "<group>"; };
		DFA2AF0A1F326B96009990C3 /* HKGrotesk-Regular.otf */ = {isa = PBXFileReference; lastKnownFileType = file; path = "HKGrotesk-Regular.otf"; sourceTree = "<group>"; };
		DFA2AF0B1F326B96009990C3 /* HKGrotesk-SemiBold.otf */ = {isa = PBXFileReference; lastKnownFileType = file; path = "HKGrotesk-SemiBold.otf"; sourceTree = "<group>"; };
		DFA2AF0C1F326B96009990C3 /* HKGrotesk-SemiBoldItalic.otf */ = {isa = PBXFileReference; lastKnownFileType = file; path = "HKGrotesk-SemiBoldItalic.otf"; sourceTree = "<group>"; };
		DFA5AB9E1F293A39006A6A39 /* Invite.swift */ = {isa = PBXFileReference; fileEncoding = 4; lastKnownFileType = sourcecode.swift; path = Invite.swift; sourceTree = "<group>"; };
		DFA5ABA21F2A40E9006A6A39 /* JoinCell.swift */ = {isa = PBXFileReference; fileEncoding = 4; lastKnownFileType = sourcecode.swift; path = JoinCell.swift; sourceTree = "<group>"; };
		DFA5ABA41F2A4345006A6A39 /* AccessCodeViewController.swift */ = {isa = PBXFileReference; fileEncoding = 4; lastKnownFileType = sourcecode.swift; path = AccessCodeViewController.swift; sourceTree = "<group>"; };
		DFA5ABA61F2A5302006A6A39 /* InviteCell.swift */ = {isa = PBXFileReference; fileEncoding = 4; lastKnownFileType = sourcecode.swift; path = InviteCell.swift; sourceTree = "<group>"; };
		DFB198651F14139000349AAD /* Kickback.app */ = {isa = PBXFileReference; explicitFileType = wrapper.application; includeInIndex = 0; path = Kickback.app; sourceTree = BUILT_PRODUCTS_DIR; };
		DFB198681F14139000349AAD /* AppDelegate.swift */ = {isa = PBXFileReference; lastKnownFileType = sourcecode.swift; path = AppDelegate.swift; sourceTree = "<group>"; };
		DFB1986D1F14139000349AAD /* Base */ = {isa = PBXFileReference; lastKnownFileType = file.storyboard; name = Base; path = Base.lproj/Main.storyboard; sourceTree = "<group>"; };
		DFB1986F1F14139000349AAD /* Assets.xcassets */ = {isa = PBXFileReference; lastKnownFileType = folder.assetcatalog; path = Assets.xcassets; sourceTree = "<group>"; };
		DFB198721F14139000349AAD /* Base */ = {isa = PBXFileReference; lastKnownFileType = file.storyboard; name = Base; path = Base.lproj/LaunchScreen.storyboard; sourceTree = "<group>"; };
		DFB198741F14139000349AAD /* Info.plist */ = {isa = PBXFileReference; lastKnownFileType = text.plist.xml; path = Info.plist; sourceTree = "<group>"; };
		DFB198791F14139000349AAD /* KickbackTests.xctest */ = {isa = PBXFileReference; explicitFileType = wrapper.cfbundle; includeInIndex = 0; path = KickbackTests.xctest; sourceTree = BUILT_PRODUCTS_DIR; };
		DFB1987D1F14139000349AAD /* KickbackTests.swift */ = {isa = PBXFileReference; lastKnownFileType = sourcecode.swift; path = KickbackTests.swift; sourceTree = "<group>"; };
		DFB1987F1F14139000349AAD /* Info.plist */ = {isa = PBXFileReference; lastKnownFileType = text.plist.xml; path = Info.plist; sourceTree = "<group>"; };
		DFB198841F14139000349AAD /* KickbackUITests.xctest */ = {isa = PBXFileReference; explicitFileType = wrapper.cfbundle; includeInIndex = 0; path = KickbackUITests.xctest; sourceTree = BUILT_PRODUCTS_DIR; };
		DFB198881F14139000349AAD /* KickbackUITests.swift */ = {isa = PBXFileReference; lastKnownFileType = sourcecode.swift; path = KickbackUITests.swift; sourceTree = "<group>"; };
		DFB1988A1F14139000349AAD /* Info.plist */ = {isa = PBXFileReference; lastKnownFileType = text.plist.xml; path = Info.plist; sourceTree = "<group>"; };
		DFB198971F1413D800349AAD /* SpotifyAudioPlayback.framework */ = {isa = PBXFileReference; lastKnownFileType = wrapper.framework; path = SpotifyAudioPlayback.framework; sourceTree = "<group>"; };
		DFB198981F1413D800349AAD /* SpotifyAuthentication.framework */ = {isa = PBXFileReference; lastKnownFileType = wrapper.framework; path = SpotifyAuthentication.framework; sourceTree = "<group>"; };
		DFB198991F1413D800349AAD /* SpotifyMetadata.framework */ = {isa = PBXFileReference; lastKnownFileType = wrapper.framework; path = SpotifyMetadata.framework; sourceTree = "<group>"; };
		DFB1989E1F14140100349AAD /* Kickback-Bridging-Header.h */ = {isa = PBXFileReference; lastKnownFileType = sourcecode.c.h; path = "Kickback-Bridging-Header.h"; sourceTree = "<group>"; };
		DFC3C2A61F1548380080DF88 /* User.swift */ = {isa = PBXFileReference; fileEncoding = 4; lastKnownFileType = sourcecode.swift; path = User.swift; sourceTree = "<group>"; };
		DFC3C2A81F15483D0080DF88 /* Track.swift */ = {isa = PBXFileReference; fileEncoding = 4; lastKnownFileType = sourcecode.swift; path = Track.swift; sourceTree = "<group>"; };
		DFC3C2AA1F1548430080DF88 /* Queue.swift */ = {isa = PBXFileReference; fileEncoding = 4; lastKnownFileType = sourcecode.swift; path = Queue.swift; sourceTree = "<group>"; };
		DFF2F1651F1FD39000B38EE1 /* ShareViewController.swift */ = {isa = PBXFileReference; fileEncoding = 4; lastKnownFileType = sourcecode.swift; path = ShareViewController.swift; sourceTree = "<group>"; };
/* End PBXFileReference section */

/* Begin PBXFrameworksBuildPhase section */
		DFB198621F14139000349AAD /* Frameworks */ = {
			isa = PBXFrameworksBuildPhase;
			buildActionMask = 2147483647;
			files = (
				DFB1989A1F1413D800349AAD /* SpotifyAudioPlayback.framework in Frameworks */,
				DFB1989C1F1413D800349AAD /* SpotifyMetadata.framework in Frameworks */,
				DFB1989B1F1413D800349AAD /* SpotifyAuthentication.framework in Frameworks */,
				91A831D73881A40FE2295FDE /* Pods_Kickback.framework in Frameworks */,
			);
			runOnlyForDeploymentPostprocessing = 0;
		};
		DFB198761F14139000349AAD /* Frameworks */ = {
			isa = PBXFrameworksBuildPhase;
			buildActionMask = 2147483647;
			files = (
				D5BAD4DE79AE60DC3E28ADA9 /* Pods_KickbackTests.framework in Frameworks */,
			);
			runOnlyForDeploymentPostprocessing = 0;
		};
		DFB198811F14139000349AAD /* Frameworks */ = {
			isa = PBXFrameworksBuildPhase;
			buildActionMask = 2147483647;
			files = (
				28DEF22FD52A6FD7215EA52C /* Pods_KickbackUITests.framework in Frameworks */,
			);
			runOnlyForDeploymentPostprocessing = 0;
		};
/* End PBXFrameworksBuildPhase section */

/* Begin PBXGroup section */
		4DE2DE85FAFB98DB287EB8A4 /* Frameworks */ = {
			isa = PBXGroup;
			children = (
				B4D0FE473E40C2487E6AF865 /* Pods_Kickback.framework */,
				A07557A1AAE2BF9EB7E27728 /* Pods_KickbackTests.framework */,
				DBFB3CF4DA90311F9A70F227 /* Pods_KickbackUITests.framework */,
			);
			name = Frameworks;
			sourceTree = "<group>";
		};
		A01836431F1D239A00FEE77F /* Resources */ = {
			isa = PBXGroup;
			children = (
				DFA2AF031F326B96009990C3 /* HKGrotesk-Bold.otf */,
				DFA2AF041F326B96009990C3 /* HKGrotesk-BoldItalic.otf */,
				DFA2AF051F326B96009990C3 /* HKGrotesk-Italic.otf */,
				DFA2AF061F326B96009990C3 /* HKGrotesk-Light.otf */,
				DFA2AF071F326B96009990C3 /* HKGrotesk-LightItalic.otf */,
				DFA2AF081F326B96009990C3 /* HKGrotesk-Medium.otf */,
				DFA2AF091F326B96009990C3 /* HKGrotesk-MediumItalic.otf */,
				DFA2AF0A1F326B96009990C3 /* HKGrotesk-Regular.otf */,
				DFA2AF0B1F326B96009990C3 /* HKGrotesk-SemiBold.otf */,
				DFA2AF0C1F326B96009990C3 /* HKGrotesk-SemiBoldItalic.otf */,
				5939AA971F1EA8860093948D /* party.gif */,
			);
			name = Resources;
			sourceTree = "<group>";
		};
		A031975F1F154E91001ABBC7 /* API */ = {
			isa = PBXGroup;
			children = (
				A031975D1F154E85001ABBC7 /* APIManager.swift */,
				DF156F951F200212005804E8 /* QuickSort.swift */,
			);
			name = API;
			sourceTree = "<group>";
		};
		A0BEF7F91F14277200CABCFA /* View Controllers */ = {
			isa = PBXGroup;
			children = (
				DF0D51781F27A9110021D993 /* AddFriendsViewController.swift */,
				A0BEF7E51F14276700CABCFA /* AlbumViewController.swift */,
				A0BEF7E61F14276700CABCFA /* ArtistViewController.swift */,
				A0BEF7E71F14276700CABCFA /* CreateHomeViewController.swift */,
				A0BEF7E81F14276700CABCFA /* CreateViewController.swift */,
				A0BEF7E91F14276700CABCFA /* WelcomeViewController.swift */,
				A0BEF7EB1F14276700CABCFA /* JoinViewController.swift */,
				A0BEF7EC1F14276700CABCFA /* LoginViewController.swift */,
				A0BEF7ED1F14276700CABCFA /* SearchViewController.swift */,
				DFF2F1651F1FD39000B38EE1 /* ShareViewController.swift */,
				DF0D517C1F27B1AE0021D993 /* QRPopupViewController.swift */,
				DFA5ABA41F2A4345006A6A39 /* AccessCodeViewController.swift */,
			);
			name = "View Controllers";
			sourceTree = "<group>";
		};
		A0BEF7FA1F142B4B00CABCFA /* Views */ = {
			isa = PBXGroup;
			children = (
				A0DB3C111F28023F008940D2 /* CollectionView */,
				A0DB3C101F28022F008940D2 /* TableView */,
			);
			name = Views;
			sourceTree = "<group>";
		};
		A0DB3C101F28022F008940D2 /* TableView */ = {
			isa = PBXGroup;
			children = (
				DFA5ABA21F2A40E9006A6A39 /* JoinCell.swift */,
				DF5F5CB91F208EB300BCE070 /* TrackCell.swift */,
				DF3056F61F1E7A3900FD8AC5 /* SearchResultCell.swift */,
				A0DB3C0E1F28017C008940D2 /* AlbumResultCell.swift */,
				A0060A091F28749B006C5C6C /* ArtistResultCell.swift */,
				DFA5ABA61F2A5302006A6A39 /* InviteCell.swift */,
			);
			name = TableView;
			sourceTree = "<group>";
		};
		A0DB3C111F28023F008940D2 /* CollectionView */ = {
			isa = PBXGroup;
			children = (
				A0A568BF1F26C4AD005157CB /* AlbumCell.swift */,
				DF0D517A1F27A9230021D993 /* ShareCell.swift */,
				DF4855091F27F5DB00CFACA2 /* UserCell.swift */,
			);
			name = CollectionView;
			sourceTree = "<group>";
		};
		D83A39A17791AABD99499427 /* Pods */ = {
			isa = PBXGroup;
			children = (
				A9DC6BC8161D027F4ADCC162 /* Pods-Kickback.debug.xcconfig */,
				258CC4F90C6ADCCC338E72B1 /* Pods-Kickback.release.xcconfig */,
				8FDF3E15AE4E0F6A52DD03BF /* Pods-KickbackTests.debug.xcconfig */,
				78E389D0C38848D5B67328AE /* Pods-KickbackTests.release.xcconfig */,
				20DB8159D161B00A8E291567 /* Pods-KickbackUITests.debug.xcconfig */,
				765E0EDE286EDF9BC2202D8C /* Pods-KickbackUITests.release.xcconfig */,
			);
			name = Pods;
			sourceTree = "<group>";
		};
		DFB1985C1F14139000349AAD = {
			isa = PBXGroup;
			children = (
				DFB198671F14139000349AAD /* Kickback */,
				DFB1987C1F14139000349AAD /* KickbackTests */,
				DFB198871F14139000349AAD /* KickbackUITests */,
				DFB198661F14139000349AAD /* Products */,
				D83A39A17791AABD99499427 /* Pods */,
				4DE2DE85FAFB98DB287EB8A4 /* Frameworks */,
			);
			sourceTree = "<group>";
		};
		DFB198661F14139000349AAD /* Products */ = {
			isa = PBXGroup;
			children = (
				DFB198651F14139000349AAD /* Kickback.app */,
				DFB198791F14139000349AAD /* KickbackTests.xctest */,
				DFB198841F14139000349AAD /* KickbackUITests.xctest */,
			);
			name = Products;
			sourceTree = "<group>";
		};
		DFB198671F14139000349AAD /* Kickback */ = {
			isa = PBXGroup;
			children = (
				A01836431F1D239A00FEE77F /* Resources */,
				A031975F1F154E91001ABBC7 /* API */,
				DFC3C2A51F15482D0080DF88 /* Models */,
				A0BEF7F91F14277200CABCFA /* View Controllers */,
				A0BEF7FA1F142B4B00CABCFA /* Views */,
				DFB1989D1F1413DC00349AAD /* Spotify Frameworks */,
				DFB1989E1F14140100349AAD /* Kickback-Bridging-Header.h */,
				DFB198681F14139000349AAD /* AppDelegate.swift */,
				DFB1986C1F14139000349AAD /* Main.storyboard */,
				DFB1986F1F14139000349AAD /* Assets.xcassets */,
				DFB198711F14139000349AAD /* LaunchScreen.storyboard */,
				DFB198741F14139000349AAD /* Info.plist */,
				5939AA991F1EAF200093948D /* Gif+Swift.swift */,
			);
			path = Kickback;
			sourceTree = "<group>";
		};
		DFB1987C1F14139000349AAD /* KickbackTests */ = {
			isa = PBXGroup;
			children = (
				DFB1987D1F14139000349AAD /* KickbackTests.swift */,
				DFB1987F1F14139000349AAD /* Info.plist */,
			);
			path = KickbackTests;
			sourceTree = "<group>";
		};
		DFB198871F14139000349AAD /* KickbackUITests */ = {
			isa = PBXGroup;
			children = (
				DFB198881F14139000349AAD /* KickbackUITests.swift */,
				DFB1988A1F14139000349AAD /* Info.plist */,
			);
			path = KickbackUITests;
			sourceTree = "<group>";
		};
		DFB1989D1F1413DC00349AAD /* Spotify Frameworks */ = {
			isa = PBXGroup;
			children = (
				DFB198971F1413D800349AAD /* SpotifyAudioPlayback.framework */,
				DFB198981F1413D800349AAD /* SpotifyAuthentication.framework */,
				DFB198991F1413D800349AAD /* SpotifyMetadata.framework */,
			);
			name = "Spotify Frameworks";
			sourceTree = "<group>";
		};
		DFC3C2A51F15482D0080DF88 /* Models */ = {
			isa = PBXGroup;
			children = (
				DFC3C2A61F1548380080DF88 /* User.swift */,
				DFC3C2A81F15483D0080DF88 /* Track.swift */,
				DFC3C2AA1F1548430080DF88 /* Queue.swift */,
				A0A568B91F26BBC9005157CB /* Album.swift */,
				DFA5AB9E1F293A39006A6A39 /* Invite.swift */,
				A0060A071F287304006C5C6C /* Artist.swift */,
			);
			name = Models;
			sourceTree = "<group>";
		};
/* End PBXGroup section */

/* Begin PBXNativeTarget section */
		DFB198641F14139000349AAD /* Kickback */ = {
			isa = PBXNativeTarget;
			buildConfigurationList = DFB1988D1F14139000349AAD /* Build configuration list for PBXNativeTarget "Kickback" */;
			buildPhases = (
				260F528C6DFEDD23C00DB235 /* [CP] Check Pods Manifest.lock */,
				DFB198611F14139000349AAD /* Sources */,
				DFB198621F14139000349AAD /* Frameworks */,
				DFB198631F14139000349AAD /* Resources */,
				1A6FB395FBF7245444C6A893 /* [CP] Embed Pods Frameworks */,
				19C30633E6E7D015F67A091D /* [CP] Copy Pods Resources */,
			);
			buildRules = (
			);
			dependencies = (
			);
			name = Kickback;
			productName = Kickback;
			productReference = DFB198651F14139000349AAD /* Kickback.app */;
			productType = "com.apple.product-type.application";
		};
		DFB198781F14139000349AAD /* KickbackTests */ = {
			isa = PBXNativeTarget;
			buildConfigurationList = DFB198901F14139000349AAD /* Build configuration list for PBXNativeTarget "KickbackTests" */;
			buildPhases = (
				14ECA75208AEBB7A979E9B55 /* [CP] Check Pods Manifest.lock */,
				DFB198751F14139000349AAD /* Sources */,
				DFB198761F14139000349AAD /* Frameworks */,
				DFB198771F14139000349AAD /* Resources */,
				44D2DBC0309102D6AD97ACCE /* [CP] Embed Pods Frameworks */,
				DBCA6EB9308F6215BC8ED552 /* [CP] Copy Pods Resources */,
			);
			buildRules = (
			);
			dependencies = (
				DFB1987B1F14139000349AAD /* PBXTargetDependency */,
			);
			name = KickbackTests;
			productName = KickbackTests;
			productReference = DFB198791F14139000349AAD /* KickbackTests.xctest */;
			productType = "com.apple.product-type.bundle.unit-test";
		};
		DFB198831F14139000349AAD /* KickbackUITests */ = {
			isa = PBXNativeTarget;
			buildConfigurationList = DFB198931F14139000349AAD /* Build configuration list for PBXNativeTarget "KickbackUITests" */;
			buildPhases = (
				E1598AB920A4279E25E194A7 /* [CP] Check Pods Manifest.lock */,
				DFB198801F14139000349AAD /* Sources */,
				DFB198811F14139000349AAD /* Frameworks */,
				DFB198821F14139000349AAD /* Resources */,
				6FB7E2EAF7BD6D2230256812 /* [CP] Embed Pods Frameworks */,
				CAE225AA69C4899FE189B720 /* [CP] Copy Pods Resources */,
			);
			buildRules = (
			);
			dependencies = (
				DFB198861F14139000349AAD /* PBXTargetDependency */,
			);
			name = KickbackUITests;
			productName = KickbackUITests;
			productReference = DFB198841F14139000349AAD /* KickbackUITests.xctest */;
			productType = "com.apple.product-type.bundle.ui-testing";
		};
/* End PBXNativeTarget section */

/* Begin PBXProject section */
		DFB1985D1F14139000349AAD /* Project object */ = {
			isa = PBXProject;
			attributes = {
				LastSwiftUpdateCheck = 0830;
				LastUpgradeCheck = 0830;
				ORGANIZATIONNAME = FBU;
				TargetAttributes = {
					DFB198641F14139000349AAD = {
						CreatedOnToolsVersion = 8.3.2;
						DevelopmentTeam = SBJXS787V3;
						LastSwiftMigration = 0830;
						ProvisioningStyle = Automatic;
						SystemCapabilities = {
							com.apple.BackgroundModes = {
								enabled = 1;
							};
						};
					};
					DFB198781F14139000349AAD = {
						CreatedOnToolsVersion = 8.3.2;
						ProvisioningStyle = Automatic;
						TestTargetID = DFB198641F14139000349AAD;
					};
					DFB198831F14139000349AAD = {
						CreatedOnToolsVersion = 8.3.2;
						ProvisioningStyle = Automatic;
						TestTargetID = DFB198641F14139000349AAD;
					};
				};
			};
			buildConfigurationList = DFB198601F14139000349AAD /* Build configuration list for PBXProject "Kickback" */;
			compatibilityVersion = "Xcode 3.2";
			developmentRegion = English;
			hasScannedForEncodings = 0;
			knownRegions = (
				en,
				Base,
			);
			mainGroup = DFB1985C1F14139000349AAD;
			productRefGroup = DFB198661F14139000349AAD /* Products */;
			projectDirPath = "";
			projectRoot = "";
			targets = (
				DFB198641F14139000349AAD /* Kickback */,
				DFB198781F14139000349AAD /* KickbackTests */,
				DFB198831F14139000349AAD /* KickbackUITests */,
			);
		};
/* End PBXProject section */

/* Begin PBXResourcesBuildPhase section */
		DFB198631F14139000349AAD /* Resources */ = {
			isa = PBXResourcesBuildPhase;
			buildActionMask = 2147483647;
			files = (
				DFB198731F14139000349AAD /* LaunchScreen.storyboard in Resources */,
				DFA2AF121F326B96009990C3 /* HKGrotesk-Medium.otf in Resources */,
				DFA2AF101F326B96009990C3 /* HKGrotesk-Light.otf in Resources */,
				DFA2AF0E1F326B96009990C3 /* HKGrotesk-BoldItalic.otf in Resources */,
				DFA2AF0F1F326B96009990C3 /* HKGrotesk-Italic.otf in Resources */,
				DFA2AF161F326B96009990C3 /* HKGrotesk-SemiBoldItalic.otf in Resources */,
				DFA2AF141F326B96009990C3 /* HKGrotesk-Regular.otf in Resources */,
				DFA2AF131F326B96009990C3 /* HKGrotesk-MediumItalic.otf in Resources */,
				DFB198701F14139000349AAD /* Assets.xcassets in Resources */,
				DFA2AF111F326B96009990C3 /* HKGrotesk-LightItalic.otf in Resources */,
				DFA2AF0D1F326B96009990C3 /* HKGrotesk-Bold.otf in Resources */,
				DFA2AF151F326B96009990C3 /* HKGrotesk-SemiBold.otf in Resources */,
				5939AA981F1EA8860093948D /* party.gif in Resources */,
				DFB1986E1F14139000349AAD /* Main.storyboard in Resources */,
			);
			runOnlyForDeploymentPostprocessing = 0;
		};
		DFB198771F14139000349AAD /* Resources */ = {
			isa = PBXResourcesBuildPhase;
			buildActionMask = 2147483647;
			files = (
			);
			runOnlyForDeploymentPostprocessing = 0;
		};
		DFB198821F14139000349AAD /* Resources */ = {
			isa = PBXResourcesBuildPhase;
			buildActionMask = 2147483647;
			files = (
			);
			runOnlyForDeploymentPostprocessing = 0;
		};
/* End PBXResourcesBuildPhase section */

/* Begin PBXShellScriptBuildPhase section */
		14ECA75208AEBB7A979E9B55 /* [CP] Check Pods Manifest.lock */ = {
			isa = PBXShellScriptBuildPhase;
			buildActionMask = 2147483647;
			files = (
			);
			inputPaths = (
			);
			name = "[CP] Check Pods Manifest.lock";
			outputPaths = (
			);
			runOnlyForDeploymentPostprocessing = 0;
			shellPath = /bin/sh;
			shellScript = "diff \"${PODS_PODFILE_DIR_PATH}/Podfile.lock\" \"${PODS_ROOT}/Manifest.lock\" > /dev/null\nif [ $? != 0 ] ; then\n    # print error to STDERR\n    echo \"error: The sandbox is not in sync with the Podfile.lock. Run 'pod install' or update your CocoaPods installation.\" >&2\n    exit 1\nfi\n";
			showEnvVarsInLog = 0;
		};
		19C30633E6E7D015F67A091D /* [CP] Copy Pods Resources */ = {
			isa = PBXShellScriptBuildPhase;
			buildActionMask = 2147483647;
			files = (
			);
			inputPaths = (
			);
			name = "[CP] Copy Pods Resources";
			outputPaths = (
			);
			runOnlyForDeploymentPostprocessing = 0;
			shellPath = /bin/sh;
			shellScript = "\"${SRCROOT}/Pods/Target Support Files/Pods-Kickback/Pods-Kickback-resources.sh\"\n";
			showEnvVarsInLog = 0;
		};
		1A6FB395FBF7245444C6A893 /* [CP] Embed Pods Frameworks */ = {
			isa = PBXShellScriptBuildPhase;
			buildActionMask = 2147483647;
			files = (
			);
			inputPaths = (
			);
			name = "[CP] Embed Pods Frameworks";
			outputPaths = (
			);
			runOnlyForDeploymentPostprocessing = 0;
			shellPath = /bin/sh;
			shellScript = "\"${SRCROOT}/Pods/Target Support Files/Pods-Kickback/Pods-Kickback-frameworks.sh\"\n";
			showEnvVarsInLog = 0;
		};
		260F528C6DFEDD23C00DB235 /* [CP] Check Pods Manifest.lock */ = {
			isa = PBXShellScriptBuildPhase;
			buildActionMask = 2147483647;
			files = (
			);
			inputPaths = (
			);
			name = "[CP] Check Pods Manifest.lock";
			outputPaths = (
			);
			runOnlyForDeploymentPostprocessing = 0;
			shellPath = /bin/sh;
			shellScript = "diff \"${PODS_PODFILE_DIR_PATH}/Podfile.lock\" \"${PODS_ROOT}/Manifest.lock\" > /dev/null\nif [ $? != 0 ] ; then\n    # print error to STDERR\n    echo \"error: The sandbox is not in sync with the Podfile.lock. Run 'pod install' or update your CocoaPods installation.\" >&2\n    exit 1\nfi\n";
			showEnvVarsInLog = 0;
		};
		44D2DBC0309102D6AD97ACCE /* [CP] Embed Pods Frameworks */ = {
			isa = PBXShellScriptBuildPhase;
			buildActionMask = 2147483647;
			files = (
			);
			inputPaths = (
			);
			name = "[CP] Embed Pods Frameworks";
			outputPaths = (
			);
			runOnlyForDeploymentPostprocessing = 0;
			shellPath = /bin/sh;
			shellScript = "\"${SRCROOT}/Pods/Target Support Files/Pods-KickbackTests/Pods-KickbackTests-frameworks.sh\"\n";
			showEnvVarsInLog = 0;
		};
		6FB7E2EAF7BD6D2230256812 /* [CP] Embed Pods Frameworks */ = {
			isa = PBXShellScriptBuildPhase;
			buildActionMask = 2147483647;
			files = (
			);
			inputPaths = (
			);
			name = "[CP] Embed Pods Frameworks";
			outputPaths = (
			);
			runOnlyForDeploymentPostprocessing = 0;
			shellPath = /bin/sh;
			shellScript = "\"${SRCROOT}/Pods/Target Support Files/Pods-KickbackUITests/Pods-KickbackUITests-frameworks.sh\"\n";
			showEnvVarsInLog = 0;
		};
		CAE225AA69C4899FE189B720 /* [CP] Copy Pods Resources */ = {
			isa = PBXShellScriptBuildPhase;
			buildActionMask = 2147483647;
			files = (
			);
			inputPaths = (
			);
			name = "[CP] Copy Pods Resources";
			outputPaths = (
			);
			runOnlyForDeploymentPostprocessing = 0;
			shellPath = /bin/sh;
			shellScript = "\"${SRCROOT}/Pods/Target Support Files/Pods-KickbackUITests/Pods-KickbackUITests-resources.sh\"\n";
			showEnvVarsInLog = 0;
		};
		DBCA6EB9308F6215BC8ED552 /* [CP] Copy Pods Resources */ = {
			isa = PBXShellScriptBuildPhase;
			buildActionMask = 2147483647;
			files = (
			);
			inputPaths = (
			);
			name = "[CP] Copy Pods Resources";
			outputPaths = (
			);
			runOnlyForDeploymentPostprocessing = 0;
			shellPath = /bin/sh;
			shellScript = "\"${SRCROOT}/Pods/Target Support Files/Pods-KickbackTests/Pods-KickbackTests-resources.sh\"\n";
			showEnvVarsInLog = 0;
		};
		E1598AB920A4279E25E194A7 /* [CP] Check Pods Manifest.lock */ = {
			isa = PBXShellScriptBuildPhase;
			buildActionMask = 2147483647;
			files = (
			);
			inputPaths = (
			);
			name = "[CP] Check Pods Manifest.lock";
			outputPaths = (
			);
			runOnlyForDeploymentPostprocessing = 0;
			shellPath = /bin/sh;
			shellScript = "diff \"${PODS_PODFILE_DIR_PATH}/Podfile.lock\" \"${PODS_ROOT}/Manifest.lock\" > /dev/null\nif [ $? != 0 ] ; then\n    # print error to STDERR\n    echo \"error: The sandbox is not in sync with the Podfile.lock. Run 'pod install' or update your CocoaPods installation.\" >&2\n    exit 1\nfi\n";
			showEnvVarsInLog = 0;
		};
/* End PBXShellScriptBuildPhase section */

/* Begin PBXSourcesBuildPhase section */
		DFB198611F14139000349AAD /* Sources */ = {
			isa = PBXSourcesBuildPhase;
			buildActionMask = 2147483647;
			files = (
				A031975E1F154E85001ABBC7 /* APIManager.swift in Sources */,
				DF0D517D1F27B1AE0021D993 /* QRPopupViewController.swift in Sources */,
				DFC3C2A71F1548380080DF88 /* User.swift in Sources */,
				A0A568BA1F26BBC9005157CB /* Album.swift in Sources */,
				DFA5ABA31F2A40E9006A6A39 /* JoinCell.swift in Sources */,
				A0DB3C0F1F28017C008940D2 /* AlbumResultCell.swift in Sources */,
				A0BEF7F71F14276700CABCFA /* SearchViewController.swift in Sources */,
				DFA5ABA51F2A4345006A6A39 /* AccessCodeViewController.swift in Sources */,
				A0BEF7F61F14276700CABCFA /* LoginViewController.swift in Sources */,
				A0BEF7EF1F14276700CABCFA /* AlbumViewController.swift in Sources */,
				A0060A0A1F28749B006C5C6C /* ArtistResultCell.swift in Sources */,
				DF3056F71F1E7A3900FD8AC5 /* SearchResultCell.swift in Sources */,
				DF48550A1F27F5DB00CFACA2 /* UserCell.swift in Sources */,
				A0A568C01F26C4AD005157CB /* AlbumCell.swift in Sources */,
				A0BEF7F11F14276700CABCFA /* CreateHomeViewController.swift in Sources */,
				DFA5AB9F1F293A39006A6A39 /* Invite.swift in Sources */,
				A0060A081F287304006C5C6C /* Artist.swift in Sources */,
				DFB198691F14139000349AAD /* AppDelegate.swift in Sources */,
				A0BEF7F51F14276700CABCFA /* JoinViewController.swift in Sources */,
				DF0D517B1F27A9230021D993 /* ShareCell.swift in Sources */,
				DFC3C2AB1F1548430080DF88 /* Queue.swift in Sources */,
				DF5F5CBA1F208EB300BCE070 /* TrackCell.swift in Sources */,
				A0BEF7F01F14276700CABCFA /* ArtistViewController.swift in Sources */,
				5939AA9A1F1EAF200093948D /* Gif+Swift.swift in Sources */,
				DF156F961F200212005804E8 /* QuickSort.swift in Sources */,
				A0BEF7F21F14276700CABCFA /* CreateViewController.swift in Sources */,
				A0BEF7F31F14276700CABCFA /* WelcomeViewController.swift in Sources */,
				DF0D51791F27A9110021D993 /* AddFriendsViewController.swift in Sources */,
				DFC3C2A91F15483D0080DF88 /* Track.swift in Sources */,
				DFF2F1661F1FD39000B38EE1 /* ShareViewController.swift in Sources */,
				DFA5ABA71F2A5302006A6A39 /* InviteCell.swift in Sources */,
			);
			runOnlyForDeploymentPostprocessing = 0;
		};
		DFB198751F14139000349AAD /* Sources */ = {
			isa = PBXSourcesBuildPhase;
			buildActionMask = 2147483647;
			files = (
				DFB1987E1F14139000349AAD /* KickbackTests.swift in Sources */,
			);
			runOnlyForDeploymentPostprocessing = 0;
		};
		DFB198801F14139000349AAD /* Sources */ = {
			isa = PBXSourcesBuildPhase;
			buildActionMask = 2147483647;
			files = (
				DFB198891F14139000349AAD /* KickbackUITests.swift in Sources */,
			);
			runOnlyForDeploymentPostprocessing = 0;
		};
/* End PBXSourcesBuildPhase section */

/* Begin PBXTargetDependency section */
		DFB1987B1F14139000349AAD /* PBXTargetDependency */ = {
			isa = PBXTargetDependency;
			target = DFB198641F14139000349AAD /* Kickback */;
			targetProxy = DFB1987A1F14139000349AAD /* PBXContainerItemProxy */;
		};
		DFB198861F14139000349AAD /* PBXTargetDependency */ = {
			isa = PBXTargetDependency;
			target = DFB198641F14139000349AAD /* Kickback */;
			targetProxy = DFB198851F14139000349AAD /* PBXContainerItemProxy */;
		};
/* End PBXTargetDependency section */

/* Begin PBXVariantGroup section */
		DFB1986C1F14139000349AAD /* Main.storyboard */ = {
			isa = PBXVariantGroup;
			children = (
				DFB1986D1F14139000349AAD /* Base */,
			);
			name = Main.storyboard;
			sourceTree = "<group>";
		};
		DFB198711F14139000349AAD /* LaunchScreen.storyboard */ = {
			isa = PBXVariantGroup;
			children = (
				DFB198721F14139000349AAD /* Base */,
			);
			name = LaunchScreen.storyboard;
			sourceTree = "<group>";
		};
/* End PBXVariantGroup section */

/* Begin XCBuildConfiguration section */
		DFB1988B1F14139000349AAD /* Debug */ = {
			isa = XCBuildConfiguration;
			buildSettings = {
				ALWAYS_SEARCH_USER_PATHS = NO;
				CLANG_ANALYZER_NONNULL = YES;
				CLANG_ANALYZER_NUMBER_OBJECT_CONVERSION = YES_AGGRESSIVE;
				CLANG_CXX_LANGUAGE_STANDARD = "gnu++0x";
				CLANG_CXX_LIBRARY = "libc++";
				CLANG_ENABLE_MODULES = YES;
				CLANG_ENABLE_OBJC_ARC = YES;
				CLANG_WARN_BOOL_CONVERSION = YES;
				CLANG_WARN_CONSTANT_CONVERSION = YES;
				CLANG_WARN_DIRECT_OBJC_ISA_USAGE = YES_ERROR;
				CLANG_WARN_DOCUMENTATION_COMMENTS = YES;
				CLANG_WARN_EMPTY_BODY = YES;
				CLANG_WARN_ENUM_CONVERSION = YES;
				CLANG_WARN_INFINITE_RECURSION = YES;
				CLANG_WARN_INT_CONVERSION = YES;
				CLANG_WARN_OBJC_ROOT_CLASS = YES_ERROR;
				CLANG_WARN_SUSPICIOUS_MOVE = YES;
				CLANG_WARN_UNREACHABLE_CODE = YES;
				CLANG_WARN__DUPLICATE_METHOD_MATCH = YES;
				"CODE_SIGN_IDENTITY[sdk=iphoneos*]" = "iPhone Developer";
				COPY_PHASE_STRIP = NO;
				DEBUG_INFORMATION_FORMAT = dwarf;
				ENABLE_STRICT_OBJC_MSGSEND = YES;
				ENABLE_TESTABILITY = YES;
				GCC_C_LANGUAGE_STANDARD = gnu99;
				GCC_DYNAMIC_NO_PIC = NO;
				GCC_NO_COMMON_BLOCKS = YES;
				GCC_OPTIMIZATION_LEVEL = 0;
				GCC_PREPROCESSOR_DEFINITIONS = (
					"DEBUG=1",
					"$(inherited)",
				);
				GCC_WARN_64_TO_32_BIT_CONVERSION = YES;
				GCC_WARN_ABOUT_RETURN_TYPE = YES_ERROR;
				GCC_WARN_UNDECLARED_SELECTOR = YES;
				GCC_WARN_UNINITIALIZED_AUTOS = YES_AGGRESSIVE;
				GCC_WARN_UNUSED_FUNCTION = YES;
				GCC_WARN_UNUSED_VARIABLE = YES;
				IPHONEOS_DEPLOYMENT_TARGET = 10.3;
				MTL_ENABLE_DEBUG_INFO = YES;
				ONLY_ACTIVE_ARCH = YES;
				SDKROOT = iphoneos;
				SWIFT_ACTIVE_COMPILATION_CONDITIONS = DEBUG;
				SWIFT_OPTIMIZATION_LEVEL = "-Onone";
				TARGETED_DEVICE_FAMILY = "1,2";
			};
			name = Debug;
		};
		DFB1988C1F14139000349AAD /* Release */ = {
			isa = XCBuildConfiguration;
			buildSettings = {
				ALWAYS_SEARCH_USER_PATHS = NO;
				CLANG_ANALYZER_NONNULL = YES;
				CLANG_ANALYZER_NUMBER_OBJECT_CONVERSION = YES_AGGRESSIVE;
				CLANG_CXX_LANGUAGE_STANDARD = "gnu++0x";
				CLANG_CXX_LIBRARY = "libc++";
				CLANG_ENABLE_MODULES = YES;
				CLANG_ENABLE_OBJC_ARC = YES;
				CLANG_WARN_BOOL_CONVERSION = YES;
				CLANG_WARN_CONSTANT_CONVERSION = YES;
				CLANG_WARN_DIRECT_OBJC_ISA_USAGE = YES_ERROR;
				CLANG_WARN_DOCUMENTATION_COMMENTS = YES;
				CLANG_WARN_EMPTY_BODY = YES;
				CLANG_WARN_ENUM_CONVERSION = YES;
				CLANG_WARN_INFINITE_RECURSION = YES;
				CLANG_WARN_INT_CONVERSION = YES;
				CLANG_WARN_OBJC_ROOT_CLASS = YES_ERROR;
				CLANG_WARN_SUSPICIOUS_MOVE = YES;
				CLANG_WARN_UNREACHABLE_CODE = YES;
				CLANG_WARN__DUPLICATE_METHOD_MATCH = YES;
				"CODE_SIGN_IDENTITY[sdk=iphoneos*]" = "iPhone Developer";
				COPY_PHASE_STRIP = NO;
				DEBUG_INFORMATION_FORMAT = "dwarf-with-dsym";
				ENABLE_NS_ASSERTIONS = NO;
				ENABLE_STRICT_OBJC_MSGSEND = YES;
				GCC_C_LANGUAGE_STANDARD = gnu99;
				GCC_NO_COMMON_BLOCKS = YES;
				GCC_WARN_64_TO_32_BIT_CONVERSION = YES;
				GCC_WARN_ABOUT_RETURN_TYPE = YES_ERROR;
				GCC_WARN_UNDECLARED_SELECTOR = YES;
				GCC_WARN_UNINITIALIZED_AUTOS = YES_AGGRESSIVE;
				GCC_WARN_UNUSED_FUNCTION = YES;
				GCC_WARN_UNUSED_VARIABLE = YES;
				IPHONEOS_DEPLOYMENT_TARGET = 10.3;
				MTL_ENABLE_DEBUG_INFO = NO;
				SDKROOT = iphoneos;
				SWIFT_OPTIMIZATION_LEVEL = "-Owholemodule";
				TARGETED_DEVICE_FAMILY = "1,2";
				VALIDATE_PRODUCT = YES;
			};
			name = Release;
		};
		DFB1988E1F14139000349AAD /* Debug */ = {
			isa = XCBuildConfiguration;
			baseConfigurationReference = A9DC6BC8161D027F4ADCC162 /* Pods-Kickback.debug.xcconfig */;
			buildSettings = {
				ASSETCATALOG_COMPILER_APPICON_NAME = AppIcon;
				CLANG_ENABLE_MODULES = YES;
				"CODE_SIGN_IDENTITY[sdk=iphoneos*]" = "iPhone Developer";
				DEVELOPMENT_TEAM = SBJXS787V3;
				FRAMEWORK_SEARCH_PATHS = (
					"$(inherited)",
					"$(PROJECT_DIR)/Kickback",
				);
				INFOPLIST_FILE = Kickback/Info.plist;
				LD_RUNPATH_SEARCH_PATHS = "$(inherited) @executable_path/Frameworks";
				PRODUCT_BUNDLE_IDENTIFIER = com.fbu.Kickback;
				PRODUCT_NAME = "$(TARGET_NAME)";
				PROVISIONING_PROFILE_SPECIFIER = "";
				SWIFT_OBJC_BRIDGING_HEADER = "Kickback/Kickback-Bridging-Header.h";
				SWIFT_OPTIMIZATION_LEVEL = "-Onone";
				SWIFT_VERSION = 3.0;
			};
			name = Debug;
		};
		DFB1988F1F14139000349AAD /* Release */ = {
			isa = XCBuildConfiguration;
			baseConfigurationReference = 258CC4F90C6ADCCC338E72B1 /* Pods-Kickback.release.xcconfig */;
			buildSettings = {
				ASSETCATALOG_COMPILER_APPICON_NAME = AppIcon;
				CLANG_ENABLE_MODULES = YES;
				"CODE_SIGN_IDENTITY[sdk=iphoneos*]" = "iPhone Distribution";
				DEVELOPMENT_TEAM = SBJXS787V3;
				FRAMEWORK_SEARCH_PATHS = (
					"$(inherited)",
					"$(PROJECT_DIR)/Kickback",
				);
				INFOPLIST_FILE = Kickback/Info.plist;
				LD_RUNPATH_SEARCH_PATHS = "$(inherited) @executable_path/Frameworks";
				PRODUCT_BUNDLE_IDENTIFIER = com.fbu.Kickback;
				PRODUCT_NAME = "$(TARGET_NAME)";
				PROVISIONING_PROFILE_SPECIFIER = "";
				SWIFT_OBJC_BRIDGING_HEADER = "Kickback/Kickback-Bridging-Header.h";
				SWIFT_VERSION = 3.0;
			};
			name = Release;
		};
		DFB198911F14139000349AAD /* Debug */ = {
			isa = XCBuildConfiguration;
			baseConfigurationReference = 8FDF3E15AE4E0F6A52DD03BF /* Pods-KickbackTests.debug.xcconfig */;
			buildSettings = {
				ALWAYS_EMBED_SWIFT_STANDARD_LIBRARIES = YES;
				BUNDLE_LOADER = "$(TEST_HOST)";
				INFOPLIST_FILE = KickbackTests/Info.plist;
				LD_RUNPATH_SEARCH_PATHS = "$(inherited) @executable_path/Frameworks @loader_path/Frameworks";
				PRODUCT_BUNDLE_IDENTIFIER = com.fbu.KickbackTests;
				PRODUCT_NAME = "$(TARGET_NAME)";
				SWIFT_VERSION = 3.0;
				TEST_HOST = "$(BUILT_PRODUCTS_DIR)/Kickback.app/Kickback";
			};
			name = Debug;
		};
		DFB198921F14139000349AAD /* Release */ = {
			isa = XCBuildConfiguration;
			baseConfigurationReference = 78E389D0C38848D5B67328AE /* Pods-KickbackTests.release.xcconfig */;
			buildSettings = {
				ALWAYS_EMBED_SWIFT_STANDARD_LIBRARIES = YES;
				BUNDLE_LOADER = "$(TEST_HOST)";
				INFOPLIST_FILE = KickbackTests/Info.plist;
				LD_RUNPATH_SEARCH_PATHS = "$(inherited) @executable_path/Frameworks @loader_path/Frameworks";
				PRODUCT_BUNDLE_IDENTIFIER = com.fbu.KickbackTests;
				PRODUCT_NAME = "$(TARGET_NAME)";
				SWIFT_VERSION = 3.0;
				TEST_HOST = "$(BUILT_PRODUCTS_DIR)/Kickback.app/Kickback";
			};
			name = Release;
		};
		DFB198941F14139000349AAD /* Debug */ = {
			isa = XCBuildConfiguration;
			baseConfigurationReference = 20DB8159D161B00A8E291567 /* Pods-KickbackUITests.debug.xcconfig */;
			buildSettings = {
				ALWAYS_EMBED_SWIFT_STANDARD_LIBRARIES = YES;
				INFOPLIST_FILE = KickbackUITests/Info.plist;
				LD_RUNPATH_SEARCH_PATHS = "$(inherited) @executable_path/Frameworks @loader_path/Frameworks";
				PRODUCT_BUNDLE_IDENTIFIER = com.fbu.KickbackUITests;
				PRODUCT_NAME = "$(TARGET_NAME)";
				SWIFT_VERSION = 3.0;
				TEST_TARGET_NAME = Kickback;
			};
			name = Debug;
		};
		DFB198951F14139000349AAD /* Release */ = {
			isa = XCBuildConfiguration;
			baseConfigurationReference = 765E0EDE286EDF9BC2202D8C /* Pods-KickbackUITests.release.xcconfig */;
			buildSettings = {
				ALWAYS_EMBED_SWIFT_STANDARD_LIBRARIES = YES;
				INFOPLIST_FILE = KickbackUITests/Info.plist;
				LD_RUNPATH_SEARCH_PATHS = "$(inherited) @executable_path/Frameworks @loader_path/Frameworks";
				PRODUCT_BUNDLE_IDENTIFIER = com.fbu.KickbackUITests;
				PRODUCT_NAME = "$(TARGET_NAME)";
				SWIFT_VERSION = 3.0;
				TEST_TARGET_NAME = Kickback;
			};
			name = Release;
		};
/* End XCBuildConfiguration section */

/* Begin XCConfigurationList section */
		DFB198601F14139000349AAD /* Build configuration list for PBXProject "Kickback" */ = {
			isa = XCConfigurationList;
			buildConfigurations = (
				DFB1988B1F14139000349AAD /* Debug */,
				DFB1988C1F14139000349AAD /* Release */,
			);
			defaultConfigurationIsVisible = 0;
			defaultConfigurationName = Release;
		};
		DFB1988D1F14139000349AAD /* Build configuration list for PBXNativeTarget "Kickback" */ = {
			isa = XCConfigurationList;
			buildConfigurations = (
				DFB1988E1F14139000349AAD /* Debug */,
				DFB1988F1F14139000349AAD /* Release */,
			);
			defaultConfigurationIsVisible = 0;
			defaultConfigurationName = Release;
		};
		DFB198901F14139000349AAD /* Build configuration list for PBXNativeTarget "KickbackTests" */ = {
			isa = XCConfigurationList;
			buildConfigurations = (
				DFB198911F14139000349AAD /* Debug */,
				DFB198921F14139000349AAD /* Release */,
			);
			defaultConfigurationIsVisible = 0;
			defaultConfigurationName = Release;
		};
		DFB198931F14139000349AAD /* Build configuration list for PBXNativeTarget "KickbackUITests" */ = {
			isa = XCConfigurationList;
			buildConfigurations = (
				DFB198941F14139000349AAD /* Debug */,
				DFB198951F14139000349AAD /* Release */,
			);
			defaultConfigurationIsVisible = 0;
			defaultConfigurationName = Release;
		};
/* End XCConfigurationList section */
	};
	rootObject = DFB1985D1F14139000349AAD /* Project object */;
}
